
Microsoft Visual Studio Solution File, Format Version 12.00
# Visual Studio 15
Project("{FAE04EC0-301F-11D3-BF4B-00C04F79EFBC}") = "LeTai.TrueShadow", "LeTai.TrueShadow.csproj", "{182841C3-8677-666F-57F2-9817B5443598}"
EndProject
Project("{FAE04EC0-301F-11D3-BF4B-00C04F79EFBC}") = "Assembly-CSharp", "Assembly-CSharp.csproj", "{3C9AEF65-0BEB-168B-3106-324000DBB916}"
EndProject
Project("{FAE04EC0-301F-11D3-BF4B-00C04F79EFBC}") = "LeTai.TranslucentImage.Demo", "LeTai.TranslucentImage.Demo.csproj", "{5E727C08-C087-C3A7-0DE6-457345610823}"
EndProject
Project("{FAE04EC0-301F-11D3-BF4B-00C04F79EFBC}") = "LeTai.TrueShadow.Demo", "LeTai.TrueShadow.Demo.csproj", "{B7B1C524-21FF-6EAA-8FF5-187624DF329D}"
EndProject
Project("{FAE04EC0-301F-11D3-BF4B-00C04F79EFBC}") = "LeTai.TranslucentImage", "LeTai.TranslucentImage.csproj", "{CAA4AD1D-7F55-CEAB-95BC-93F8B528882F}"
EndProject
Project("{FAE04EC0-301F-11D3-BF4B-00C04F79EFBC}") = "Sirenix.OdinInspector.CompatibilityLayer", "Sirenix.OdinInspector.CompatibilityLayer.csproj", "{02FA9ACD-9FD7-0E94-0B3F-7B9E266BA46A}"
EndProject
Project("{FAE04EC0-301F-11D3-BF4B-00C04F79EFBC}") = "LeTai.TrueShadow.Editor", "LeTai.TrueShadow.Editor.csproj", "{CC8C99C0-E88C-9E7D-0A0E-137AB4B03BA0}"
EndProject
Project("{FAE04EC0-301F-11D3-BF4B-00C04F79EFBC}") = "Sirenix.OdinInspector.CompatibilityLayer.Editor", "Sirenix.OdinInspector.CompatibilityLayer.Editor.csproj", "{99E06526-9CEC-74C7-25BB-78FB15DEB9D7}"
EndProject
Project("{FAE04EC0-301F-11D3-BF4B-00C04F79EFBC}") = "LeTai.TranslucentImage.Editor", "LeTai.TranslucentImage.Editor.csproj", "{737607B7-9786-DA45-9DDB-3D72ACA36250}"
EndProject
Global
	GlobalSection(SolutionConfigurationPlatforms) = preSolution
		Debug|Any CPU = Debug|Any CPU
		Release|Any CPU = Release|Any CPU
	EndGlobalSection
	GlobalSection(ProjectConfigurationPlatforms) = postSolution
		{182841C3-8677-666F-57F2-9817B5443598}.Debug|Any CPU.ActiveCfg = Debug|Any CPU
		{182841C3-8677-666F-57F2-9817B5443598}.Debug|Any CPU.Build.0 = Debug|Any CPU
		{182841C3-8677-666F-57F2-9817B5443598}.Release|Any CPU.ActiveCfg = Release|Any CPU
		{182841C3-8677-666F-57F2-9817B5443598}.Release|Any CPU.Build.0 = Release|Any CPU
		{3C9AEF65-0BEB-168B-3106-324000DBB916}.Debug|Any CPU.ActiveCfg = Debug|Any CPU
		{3C9AEF65-0BEB-168B-3106-324000DBB916}.Debug|Any CPU.Build.0 = Debug|Any CPU
		{3C9AEF65-0BEB-168B-3106-324000DBB916}.Release|Any CPU.ActiveCfg = Release|Any CPU
		{3C9AEF65-0BEB-168B-3106-324000DBB916}.Release|Any CPU.Build.0 = Release|Any CPU
		{5E727C08-C087-C3A7-0DE6-457345610823}.Debug|Any CPU.ActiveCfg = Debug|Any CPU
		{5E727C08-C087-C3A7-0DE6-457345610823}.Debug|Any CPU.Build.0 = Debug|Any CPU
		{5E727C08-C087-C3A7-0DE6-457345610823}.Release|Any CPU.ActiveCfg = Release|Any CPU
		{5E727C08-C087-C3A7-0DE6-457345610823}.Release|Any CPU.Build.0 = Release|Any CPU
		{B7B1C524-21FF-6EAA-8FF5-187624DF329D}.Debug|Any CPU.ActiveCfg = Debug|Any CPU
		{B7B1C524-21FF-6EAA-8FF5-187624DF329D}.Debug|Any CPU.Build.0 = Debug|Any CPU
		{B7B1C524-21FF-6EAA-8FF5-187624DF329D}.Release|Any CPU.ActiveCfg = Release|Any CPU
		{B7B1C524-21FF-6EAA-8FF5-187624DF329D}.Release|Any CPU.Build.0 = Release|Any CPU
		{CAA4AD1D-7F55-CEAB-95BC-93F8B528882F}.Debug|Any CPU.ActiveCfg = Debug|Any CPU
		{CAA4AD1D-7F55-CEAB-95BC-93F8B528882F}.Debug|Any CPU.Build.0 = Debug|Any CPU
		{CAA4AD1D-7F55-CEAB-95BC-93F8B528882F}.Release|Any CPU.ActiveCfg = Release|Any CPU
		{CAA4AD1D-7F55-CEAB-95BC-93F8B528882F}.Release|Any CPU.Build.0 = Release|Any CPU
		{02FA9ACD-9FD7-0E94-0B3F-7B9E266BA46A}.Debug|Any CPU.ActiveCfg = Debug|Any CPU
		{02FA9ACD-9FD7-0E94-0B3F-7B9E266BA46A}.Debug|Any CPU.Build.0 = Debug|Any CPU
		{02FA9ACD-9FD7-0E94-0B3F-7B9E266BA46A}.Release|Any CPU.ActiveCfg = Release|Any CPU
		{02FA9ACD-9FD7-0E94-0B3F-7B9E266BA46A}.Release|Any CPU.Build.0 = Release|Any CPU
		{CC8C99C0-E88C-9E7D-0A0E-137AB4B03BA0}.Debug|Any CPU.ActiveCfg = Debug|Any CPU
		{CC8C99C0-E88C-9E7D-0A0E-137AB4B03BA0}.Debug|Any CPU.Build.0 = Debug|Any CPU
		{CC8C99C0-E88C-9E7D-0A0E-137AB4B03BA0}.Release|Any CPU.ActiveCfg = Release|Any CPU
		{CC8C99C0-E88C-9E7D-0A0E-137AB4B03BA0}.Release|Any CPU.Build.0 = Release|Any CPU
		{99E06526-9CEC-74C7-25BB-78FB15DEB9D7}.Debug|Any CPU.ActiveCfg = Debug|Any CPU
		{99E06526-9CEC-74C7-25BB-78FB15DEB9D7}.Debug|Any CPU.Build.0 = Debug|Any CPU
		{99E06526-9CEC-74C7-25BB-78FB15DEB9D7}.Release|Any CPU.ActiveCfg = Release|Any CPU
		{99E06526-9CEC-74C7-25BB-78FB15DEB9D7}.Release|Any CPU.Build.0 = Release|Any CPU
		{737607B7-9786-DA45-9DDB-3D72ACA36250}.Debug|Any CPU.ActiveCfg = Debug|Any CPU
		{737607B7-9786-DA45-9DDB-3D72ACA36250}.Debug|Any CPU.Build.0 = Debug|Any CPU
		{737607B7-9786-DA45-9DDB-3D72ACA36250}.Release|Any CPU.ActiveCfg = Release|Any CPU
		{737607B7-9786-DA45-9DDB-3D72ACA36250}.Release|Any CPU.Build.0 = Release|Any CPU
	EndGlobalSection
	GlobalSection(SolutionProperties) = preSolution
		HideSolutionNode = FALSE
	EndGlobalSection
EndGlobal
